{
  "name": "bolo-english",
  "version": "20.0.0-pricing-sqlite-persistent-login",
  "lockfileVersion": 3,
  "requires": true,
  "packages": {
    "": {
      "name": "bolo-english",
      "version": "20.0.0-pricing-sqlite-persistent-login",
      "engines": {
        "node": ">=22"
      }
    }
  }
}
